{
  "nodes": {
    "agenix": {
      "inputs": {
        "darwin": [],
        "home-manager": [],
        "nixpkgs": [
          "nixpkgs"
        ],
        "systems": "systems"
      },
      "locked": {
        "lastModified": 1703433843,
        "narHash": "sha256-nmtA4KqFboWxxoOAA6Y1okHbZh+HsXaMPFkYHsoDRDw=",
        "owner": "ryantm",
        "repo": "agenix",
        "rev": "417caa847f9383e111d1397039c9d4337d024bf0",
        "type": "github"
      },
      "original": {
        "owner": "ryantm",
        "repo": "agenix",
        "type": "github"
      }
    },
    "alejandra": {
      "inputs": {
        "fenix": "fenix",
        "flakeCompat": "flakeCompat",
        "nixpkgs": "nixpkgs"
      },
      "locked": {
        "lastModified": 1660510326,
        "narHash": "sha256-xFumnivtVwu5fFBOrTxrv6fv3geHKF04RGP23EsDVaI=",
        "owner": "kamadorueda",
        "repo": "alejandra",
        "rev": "ef03f7ef74ec97fd91a016a51c9c9667fb315652",
        "type": "github"
      },
      "original": {
        "owner": "kamadorueda",
        "ref": "3.0.0",
        "repo": "alejandra",
        "type": "github"
      }
    },
    "fenix": {
      "inputs": {
        "nixpkgs": [
          "alejandra",
          "nixpkgs"
        ],
        "rust-analyzer-src": "rust-analyzer-src"
      },
      "locked": {
        "lastModified": 1657607339,
        "narHash": "sha256-HaqoAwlbVVZH2n4P3jN2FFPMpVuhxDy1poNOR7kzODc=",
        "owner": "nix-community",
        "repo": "fenix",
        "rev": "b814c83d9e6aa5a28d0cf356ecfdafb2505ad37d",
        "type": "github"
      },
      "original": {
        "owner": "nix-community",
        "repo": "fenix",
        "type": "github"
      }
    },
    "flake-compat": {
      "flake": false,
      "locked": {
        "lastModified": 1673956053,
        "narHash": "sha256-4gtG9iQuiKITOjNQQeQIpoIB6b16fm+504Ch3sNKLd8=",
        "owner": "edolstra",
        "repo": "flake-compat",
        "rev": "35bb57c0c8d8b62bbfd284272c928ceb64ddbde9",
        "type": "github"
      },
      "original": {
        "owner": "edolstra",
        "repo": "flake-compat",
        "type": "github"
      }
    },
    "flake-utils": {
      "inputs": {
        "systems": "systems_2"
      },
      "locked": {
        "lastModified": 1701680307,
        "narHash": "sha256-kAuep2h5ajznlPMD9rnQyffWG8EM/C73lejGofXvdM8=",
        "owner": "numtide",
        "repo": "flake-utils",
        "rev": "4022d587cbbfd70fe950c1e2083a02621806a725",
        "type": "github"
      },
      "original": {
        "owner": "numtide",
        "repo": "flake-utils",
        "type": "github"
      }
    },
    "flake-utils_2": {
      "inputs": {
        "systems": "systems_3"
      },
      "locked": {
        "lastModified": 1685518550,
        "narHash": "sha256-o2d0KcvaXzTrPRIo0kOLV0/QXHhDQ5DTi+OxcjO8xqY=",
        "owner": "numtide",
        "repo": "flake-utils",
        "rev": "a1720a10a6cfe8234c0e93907ffe81be440f4cef",
        "type": "github"
      },
      "original": {
        "owner": "numtide",
        "repo": "flake-utils",
        "type": "github"
      }
    },
    "flakeCompat": {
      "flake": false,
      "locked": {
        "lastModified": 1650374568,
        "narHash": "sha256-Z+s0J8/r907g149rllvwhb4pKi8Wam5ij0st8PwAh+E=",
        "owner": "edolstra",
        "repo": "flake-compat",
        "rev": "b4a34015c698c7793d592d66adbab377907a2be8",
        "type": "github"
      },
      "original": {
        "owner": "edolstra",
        "repo": "flake-compat",
        "type": "github"
      }
    },
    "gitignore": {
      "inputs": {
        "nixpkgs": [
          "nixvim",
          "pre-commit-hooks",
          "nixpkgs"
        ]
      },
      "locked": {
        "lastModified": 1660459072,
        "narHash": "sha256-8DFJjXG8zqoONA1vXtgeKXy68KdJL5UaXR8NtVMUbx8=",
        "owner": "hercules-ci",
        "repo": "gitignore.nix",
        "rev": "a20de23b925fd8264fd7fad6454652e142fd7f73",
        "type": "github"
      },
      "original": {
        "owner": "hercules-ci",
        "repo": "gitignore.nix",
        "type": "github"
      }
    },
    "home-manager": {
      "inputs": {
        "nixpkgs": [
          "nixpkgs"
        ]
      },
      "locked": {
        "lastModified": 1704100519,
        "narHash": "sha256-SgZC3cxquvwTN07vrYYT9ZkfvuhS5Y1k1F4+AMsuflc=",
        "owner": "nix-community",
        "repo": "home-manager",
        "rev": "6e91c5df192395753d8e6d55a0352109cb559790",
        "type": "github"
      },
      "original": {
        "owner": "nix-community",
        "repo": "home-manager",
        "type": "github"
      }
    },
    "mountain": {
      "inputs": {
        "nixpkgs": [
          "nixpkgs"
        ]
      },
      "locked": {
        "lastModified": 1702697711,
        "narHash": "sha256-/L6OepqtM0NdzQs41KGDHQdAmXbmiGUwFvY9tB3Hvqw=",
        "owner": "nu-nu-ko",
        "repo": "mountain-nix",
        "rev": "ffe5c9933efd0c31d33d3ec62fd84fa2ac117409",
        "type": "github"
      },
      "original": {
        "owner": "nu-nu-ko",
        "repo": "mountain-nix",
        "type": "github"
      }
    },
    "nh": {
      "inputs": {
        "nixpkgs": [
          "nixpkgs"
        ]
      },
      "locked": {
        "lastModified": 1703024852,
        "narHash": "sha256-mVJ/99zkqpqDDs68jYIVYyQH6NBgciKnUg8AfWyXSAM=",
        "owner": "viperML",
        "repo": "nh",
        "rev": "37b0d469a328a5b5969eacdf137f1e6b86c75a1d",
        "type": "github"
      },
      "original": {
        "owner": "viperML",
        "repo": "nh",
        "type": "github"
      }
    },
    "nixpkgs": {
      "locked": {
        "lastModified": 1657425264,
        "narHash": "sha256-3aHvoI2e8vJKw3hvnHECaBpSsL5mxVsVtaLCnTdNcH8=",
        "owner": "nixos",
        "repo": "nixpkgs",
        "rev": "de5b3dd17034e6106e75746e81618e5bd408de8a",
        "type": "github"
      },
      "original": {
        "owner": "nixos",
        "ref": "nixos-unstable-small",
        "repo": "nixpkgs",
        "type": "github"
      }
    },
    "nixpkgs-stable": {
      "locked": {
        "lastModified": 1685801374,
        "narHash": "sha256-otaSUoFEMM+LjBI1XL/xGB5ao6IwnZOXc47qhIgJe8U=",
        "owner": "NixOS",
        "repo": "nixpkgs",
        "rev": "c37ca420157f4abc31e26f436c1145f8951ff373",
        "type": "github"
      },
      "original": {
        "owner": "NixOS",
        "ref": "nixos-23.05",
        "repo": "nixpkgs",
        "type": "github"
      }
    },
    "nixpkgs_2": {
      "locked": {
        "lastModified": 1703961334,
        "narHash": "sha256-M1mV/Cq+pgjk0rt6VxoyyD+O8cOUiai8t9Q6Yyq4noY=",
        "owner": "NixOS",
        "repo": "nixpkgs",
        "rev": "b0d36bd0a420ecee3bc916c91886caca87c894e9",
        "type": "github"
      },
      "original": {
        "owner": "NixOS",
        "ref": "nixos-unstable",
        "repo": "nixpkgs",
        "type": "github"
      }
    },
    "nixvim": {
      "inputs": {
        "flake-utils": "flake-utils",
        "nixpkgs": [
          "nixpkgs"
        ],
        "pre-commit-hooks": "pre-commit-hooks"
      },
      "locked": {
        "lastModified": 1704149727,
        "narHash": "sha256-1mFgdFSnIkMq/AzXj/oxTQml9K8fc8h9FvmIktzKwyQ=",
        "owner": "nix-community",
        "repo": "nixvim",
        "rev": "f88ff0a82e6d8e33c4c5b099e808191b6c4a96e2",
        "type": "github"
      },
      "original": {
        "owner": "nix-community",
        "repo": "nixvim",
        "type": "github"
      }
    },
    "pre-commit-hooks": {
      "inputs": {
        "flake-compat": "flake-compat",
        "flake-utils": "flake-utils_2",
        "gitignore": "gitignore",
        "nixpkgs": [
          "nixvim",
          "nixpkgs"
        ],
        "nixpkgs-stable": "nixpkgs-stable"
      },
      "locked": {
        "lastModified": 1703426812,
        "narHash": "sha256-aODSOH8Og8ne4JylPJn+hZ6lyv6K7vE5jFo4KAGIebM=",
        "owner": "cachix",
        "repo": "pre-commit-hooks.nix",
        "rev": "7f35ec30d16b38fe0eed8005933f418d1a4693ee",
        "type": "github"
      },
      "original": {
        "owner": "cachix",
        "repo": "pre-commit-hooks.nix",
        "type": "github"
      }
    },
    "root": {
      "inputs": {
        "agenix": "agenix",
        "alejandra": "alejandra",
        "home-manager": "home-manager",
        "mountain": "mountain",
        "nh": "nh",
        "nixpkgs": "nixpkgs_2",
        "nixvim": "nixvim"
      }
    },
    "rust-analyzer-src": {
      "flake": false,
      "locked": {
        "lastModified": 1657557289,
        "narHash": "sha256-PRW+nUwuqNTRAEa83SfX+7g+g8nQ+2MMbasQ9nt6+UM=",
        "owner": "rust-lang",
        "repo": "rust-analyzer",
        "rev": "caf23f29144b371035b864a1017dbc32573ad56d",
        "type": "github"
      },
      "original": {
        "owner": "rust-lang",
        "ref": "nightly",
        "repo": "rust-analyzer",
        "type": "github"
      }
    },
    "systems": {
      "locked": {
        "lastModified": 1681028828,
        "narHash": "sha256-Vy1rq5AaRuLzOxct8nz4T6wlgyUR7zLU309k9mBC768=",
        "owner": "nix-systems",
        "repo": "default",
        "rev": "da67096a3b9bf56a91d16901293e51ba5b49a27e",
        "type": "github"
      },
      "original": {
        "owner": "nix-systems",
        "repo": "default",
        "type": "github"
      }
    },
    "systems_2": {
      "locked": {
        "lastModified": 1681028828,
        "narHash": "sha256-Vy1rq5AaRuLzOxct8nz4T6wlgyUR7zLU309k9mBC768=",
        "owner": "nix-systems",
        "repo": "default",
        "rev": "da67096a3b9bf56a91d16901293e51ba5b49a27e",
        "type": "github"
      },
      "original": {
        "owner": "nix-systems",
        "repo": "default",
        "type": "github"
      }
    },
    "systems_3": {
      "locked": {
        "lastModified": 1681028828,
        "narHash": "sha256-Vy1rq5AaRuLzOxct8nz4T6wlgyUR7zLU309k9mBC768=",
        "owner": "nix-systems",
        "repo": "default",
        "rev": "da67096a3b9bf56a91d16901293e51ba5b49a27e",
        "type": "github"
      },
      "original": {
        "owner": "nix-systems",
        "repo": "default",
        "type": "github"
      }
    }
  },
  "root": "root",
  "version": 7
}
